
Microsoft Visual Studio Solution File, Format Version 12.00
# Visual Studio 15
VisualStudioVersion = 15.0.28307.960
MinimumVisualStudioVersion = 10.0.40219.1
Project("{8BC9CEB8-8B4A-11D0-8D11-00A0C91BC942}") = "InitMFC", "InitMFC\InitMFC.vcxproj", "{B820F53A-96F6-429C-8230-46C62FA910F0}"
EndProject
Project("{8BC9CEB8-8B4A-11D0-8D11-00A0C91BC942}") = "HelloMFC", "HelloMFC\HelloMFC.vcxproj", "{D273D1A5-EDA4-4A97-989E-4DF0BFE831D7}"
EndProject
Global
	GlobalSection(SolutionConfigurationPlatforms) = preSolution
		Debug|x64 = Debug|x64
		Debug|x86 = Debug|x86
		Release|x64 = Release|x64
		Release|x86 = Release|x86
	EndGlobalSection
	GlobalSection(ProjectConfigurationPlatforms) = postSolution
		{B820F53A-96F6-429C-8230-46C62FA910F0}.Debug|x64.ActiveCfg = Debug|x64
		{B820F53A-96F6-429C-8230-46C62FA910F0}.Debug|x64.Build.0 = Debug|x64
		{B820F53A-96F6-429C-8230-46C62FA910F0}.Debug|x86.ActiveCfg = Debug|Win32
		{B820F53A-96F6-429C-8230-46C62FA910F0}.Debug|x86.Build.0 = Debug|Win32
		{B820F53A-96F6-429C-8230-46C62FA910F0}.Release|x64.ActiveCfg = Release|x64
		{B820F53A-96F6-429C-8230-46C62FA910F0}.Release|x64.Build.0 = Release|x64
		{B820F53A-96F6-429C-8230-46C62FA910F0}.Release|x86.ActiveCfg = Release|Win32
		{B820F53A-96F6-429C-8230-46C62FA910F0}.Release|x86.Build.0 = Release|Win32
		{D273D1A5-EDA4-4A97-989E-4DF0BFE831D7}.Debug|x64.ActiveCfg = Debug|x64
		{D273D1A5-EDA4-4A97-989E-4DF0BFE831D7}.Debug|x64.Build.0 = Debug|x64
		{D273D1A5-EDA4-4A97-989E-4DF0BFE831D7}.Debug|x86.ActiveCfg = Debug|Win32
		{D273D1A5-EDA4-4A97-989E-4DF0BFE831D7}.Debug|x86.Build.0 = Debug|Win32
		{D273D1A5-EDA4-4A97-989E-4DF0BFE831D7}.Release|x64.ActiveCfg = Release|x64
		{D273D1A5-EDA4-4A97-989E-4DF0BFE831D7}.Release|x64.Build.0 = Release|x64
		{D273D1A5-EDA4-4A97-989E-4DF0BFE831D7}.Release|x86.ActiveCfg = Release|Win32
		{D273D1A5-EDA4-4A97-989E-4DF0BFE831D7}.Release|x86.Build.0 = Release|Win32
	EndGlobalSection
	GlobalSection(SolutionProperties) = preSolution
		HideSolutionNode = FALSE
	EndGlobalSection
	GlobalSection(ExtensibilityGlobals) = postSolution
		SolutionGuid = {FAFACA9F-A134-4FF7-B7C7-4945E54F1238}
	EndGlobalSection
EndGlobal
