
Microsoft Visual Studio Solution File, Format Version 12.00
# Visual Studio 15
VisualStudioVersion = 15.0.28307.960
MinimumVisualStudioVersion = 10.0.40219.1
Project("{8BC9CEB8-8B4A-11D0-8D11-00A0C91BC942}") = "ServerSock", "06WinSocket\06WinSocket.vcxproj", "{99292A53-935E-4EAA-87A2-BF75B4F51845}"
EndProject
Project("{8BC9CEB8-8B4A-11D0-8D11-00A0C91BC942}") = "ClientSock", "ClientSock\ClientSock.vcxproj", "{752BA446-B41E-44DB-843D-4F339CDE307F}"
EndProject
Project("{8BC9CEB8-8B4A-11D0-8D11-00A0C91BC942}") = "BlockIterTCPSer", "BlockIterTCPSer\BlockIterTCPSer.vcxproj", "{707FCF4C-F213-4A1D-9A82-9A622FCD7103}"
EndProject
Project("{8BC9CEB8-8B4A-11D0-8D11-00A0C91BC942}") = "BlockiterTCPClient", "BlockiterTCPClient\BlockiterTCPClient.vcxproj", "{B97A2935-FF0A-4B46-8ECC-2FCB3FB20F5A}"
EndProject
Project("{8BC9CEB8-8B4A-11D0-8D11-00A0C91BC942}") = "NoBlockServer", "NoBlockServer\NoBlockServer.vcxproj", "{7CBFCB43-3917-4273-82A4-7D070AED0531}"
EndProject
Project("{8BC9CEB8-8B4A-11D0-8D11-00A0C91BC942}") = "NoBlockClient", "NoBlockClient\NoBlockClient.vcxproj", "{CE0D8F12-36A7-4CA9-9C12-00F43ECADF41}"
EndProject
Global
	GlobalSection(SolutionConfigurationPlatforms) = preSolution
		Debug|x64 = Debug|x64
		Debug|x86 = Debug|x86
		Release|x64 = Release|x64
		Release|x86 = Release|x86
	EndGlobalSection
	GlobalSection(ProjectConfigurationPlatforms) = postSolution
		{99292A53-935E-4EAA-87A2-BF75B4F51845}.Debug|x64.ActiveCfg = Debug|x64
		{99292A53-935E-4EAA-87A2-BF75B4F51845}.Debug|x64.Build.0 = Debug|x64
		{99292A53-935E-4EAA-87A2-BF75B4F51845}.Debug|x86.ActiveCfg = Debug|Win32
		{99292A53-935E-4EAA-87A2-BF75B4F51845}.Debug|x86.Build.0 = Debug|Win32
		{99292A53-935E-4EAA-87A2-BF75B4F51845}.Release|x64.ActiveCfg = Release|x64
		{99292A53-935E-4EAA-87A2-BF75B4F51845}.Release|x64.Build.0 = Release|x64
		{99292A53-935E-4EAA-87A2-BF75B4F51845}.Release|x86.ActiveCfg = Release|Win32
		{99292A53-935E-4EAA-87A2-BF75B4F51845}.Release|x86.Build.0 = Release|Win32
		{752BA446-B41E-44DB-843D-4F339CDE307F}.Debug|x64.ActiveCfg = Debug|x64
		{752BA446-B41E-44DB-843D-4F339CDE307F}.Debug|x64.Build.0 = Debug|x64
		{752BA446-B41E-44DB-843D-4F339CDE307F}.Debug|x86.ActiveCfg = Debug|Win32
		{752BA446-B41E-44DB-843D-4F339CDE307F}.Debug|x86.Build.0 = Debug|Win32
		{752BA446-B41E-44DB-843D-4F339CDE307F}.Release|x64.ActiveCfg = Release|x64
		{752BA446-B41E-44DB-843D-4F339CDE307F}.Release|x64.Build.0 = Release|x64
		{752BA446-B41E-44DB-843D-4F339CDE307F}.Release|x86.ActiveCfg = Release|Win32
		{752BA446-B41E-44DB-843D-4F339CDE307F}.Release|x86.Build.0 = Release|Win32
		{707FCF4C-F213-4A1D-9A82-9A622FCD7103}.Debug|x64.ActiveCfg = Debug|x64
		{707FCF4C-F213-4A1D-9A82-9A622FCD7103}.Debug|x64.Build.0 = Debug|x64
		{707FCF4C-F213-4A1D-9A82-9A622FCD7103}.Debug|x86.ActiveCfg = Debug|Win32
		{707FCF4C-F213-4A1D-9A82-9A622FCD7103}.Debug|x86.Build.0 = Debug|Win32
		{707FCF4C-F213-4A1D-9A82-9A622FCD7103}.Release|x64.ActiveCfg = Release|x64
		{707FCF4C-F213-4A1D-9A82-9A622FCD7103}.Release|x64.Build.0 = Release|x64
		{707FCF4C-F213-4A1D-9A82-9A622FCD7103}.Release|x86.ActiveCfg = Release|Win32
		{707FCF4C-F213-4A1D-9A82-9A622FCD7103}.Release|x86.Build.0 = Release|Win32
		{B97A2935-FF0A-4B46-8ECC-2FCB3FB20F5A}.Debug|x64.ActiveCfg = Debug|x64
		{B97A2935-FF0A-4B46-8ECC-2FCB3FB20F5A}.Debug|x64.Build.0 = Debug|x64
		{B97A2935-FF0A-4B46-8ECC-2FCB3FB20F5A}.Debug|x86.ActiveCfg = Debug|Win32
		{B97A2935-FF0A-4B46-8ECC-2FCB3FB20F5A}.Debug|x86.Build.0 = Debug|Win32
		{B97A2935-FF0A-4B46-8ECC-2FCB3FB20F5A}.Release|x64.ActiveCfg = Release|x64
		{B97A2935-FF0A-4B46-8ECC-2FCB3FB20F5A}.Release|x64.Build.0 = Release|x64
		{B97A2935-FF0A-4B46-8ECC-2FCB3FB20F5A}.Release|x86.ActiveCfg = Release|Win32
		{B97A2935-FF0A-4B46-8ECC-2FCB3FB20F5A}.Release|x86.Build.0 = Release|Win32
		{7CBFCB43-3917-4273-82A4-7D070AED0531}.Debug|x64.ActiveCfg = Debug|x64
		{7CBFCB43-3917-4273-82A4-7D070AED0531}.Debug|x64.Build.0 = Debug|x64
		{7CBFCB43-3917-4273-82A4-7D070AED0531}.Debug|x86.ActiveCfg = Debug|Win32
		{7CBFCB43-3917-4273-82A4-7D070AED0531}.Debug|x86.Build.0 = Debug|Win32
		{7CBFCB43-3917-4273-82A4-7D070AED0531}.Release|x64.ActiveCfg = Release|x64
		{7CBFCB43-3917-4273-82A4-7D070AED0531}.Release|x64.Build.0 = Release|x64
		{7CBFCB43-3917-4273-82A4-7D070AED0531}.Release|x86.ActiveCfg = Release|Win32
		{7CBFCB43-3917-4273-82A4-7D070AED0531}.Release|x86.Build.0 = Release|Win32
		{CE0D8F12-36A7-4CA9-9C12-00F43ECADF41}.Debug|x64.ActiveCfg = Debug|x64
		{CE0D8F12-36A7-4CA9-9C12-00F43ECADF41}.Debug|x64.Build.0 = Debug|x64
		{CE0D8F12-36A7-4CA9-9C12-00F43ECADF41}.Debug|x86.ActiveCfg = Debug|Win32
		{CE0D8F12-36A7-4CA9-9C12-00F43ECADF41}.Debug|x86.Build.0 = Debug|Win32
		{CE0D8F12-36A7-4CA9-9C12-00F43ECADF41}.Release|x64.ActiveCfg = Release|x64
		{CE0D8F12-36A7-4CA9-9C12-00F43ECADF41}.Release|x64.Build.0 = Release|x64
		{CE0D8F12-36A7-4CA9-9C12-00F43ECADF41}.Release|x86.ActiveCfg = Release|Win32
		{CE0D8F12-36A7-4CA9-9C12-00F43ECADF41}.Release|x86.Build.0 = Release|Win32
	EndGlobalSection
	GlobalSection(SolutionProperties) = preSolution
		HideSolutionNode = FALSE
	EndGlobalSection
	GlobalSection(ExtensibilityGlobals) = postSolution
		SolutionGuid = {7F97839F-0CDA-4E57-9984-144D5D56D4C7}
	EndGlobalSection
EndGlobal
